
Microsoft Visual Studio Solution File, Format Version 12.00
# Visual Studio 2013
VisualStudioVersion = 12.0.21005.1
MinimumVisualStudioVersion = 10.0.40219.1
Project("{FAE04EC0-301F-11D3-BF4B-00C04F79EFBC}") = "01.AllocateArray", "ConsoleApplication1\01.AllocateArray.csproj", "{00E4EAB4-8EFB-4033-AD76-38407297CED5}"
EndProject
Project("{FAE04EC0-301F-11D3-BF4B-00C04F79EFBC}") = "02.CompareArrays", "02.CompareArrays\02.CompareArrays.csproj", "{B23CD400-6A38-4E19-BF63-422DA3070F09}"
EndProject
Project("{FAE04EC0-301F-11D3-BF4B-00C04F79EFBC}") = "03.CompareCharArrays", "03.CompareCharArrays\03.CompareCharArrays.csproj", "{6512AE4B-C905-424D-B1B6-3FB3993F3F40}"
EndProject
Project("{FAE04EC0-301F-11D3-BF4B-00C04F79EFBC}") = "04.MaximalSequence", "04.MaximalSequence\04.MaximalSequence.csproj", "{787AC777-AB0B-40AE-A393-328EB39FE608}"
EndProject
Project("{FAE04EC0-301F-11D3-BF4B-00C04F79EFBC}") = "05.MaximalIncreasingSequence", "05.MaximalIncreasingSequence\05.MaximalIncreasingSequence.csproj", "{4ABD28FD-DD93-4226-8C7A-BA8AB5A9C4DA}"
EndProject
Project("{FAE04EC0-301F-11D3-BF4B-00C04F79EFBC}") = "06.MaximalKSum", "06.MaximalKSum\06.MaximalKSum.csproj", "{7F4F272D-030B-4D29-8161-EF3992834B21}"
EndProject
Project("{FAE04EC0-301F-11D3-BF4B-00C04F79EFBC}") = "07.SelectionSort", "07.SelectionSort\07.SelectionSort.csproj", "{9703B9B7-BB77-4B25-89F6-64F5F892D882}"
EndProject
Project("{FAE04EC0-301F-11D3-BF4B-00C04F79EFBC}") = "08.MaximalSum", "08,MaximalSum\08.MaximalSum.csproj", "{2D290A7F-A808-48E7-A300-0E8D79398E80}"
EndProject
Project("{FAE04EC0-301F-11D3-BF4B-00C04F79EFBC}") = "09.FrequentNumber", "09.FrequentNumber\09.FrequentNumber.csproj", "{1A6810CC-5F0E-4EE0-BE7A-B09A0A0DA93C}"
EndProject
Project("{FAE04EC0-301F-11D3-BF4B-00C04F79EFBC}") = "11.BinarySearch", "11.BinarySearch\11.BinarySearch.csproj", "{6BDD2ABB-F298-42B2-9E73-BDC9EBF6481F}"
EndProject
Project("{FAE04EC0-301F-11D3-BF4B-00C04F79EFBC}") = "12.IndexOfLetters", "12.IndexOfLetters\12.IndexOfLetters.csproj", "{8E638B07-A4FE-48B5-B8E5-AB669EA523B7}"
EndProject
Project("{FAE04EC0-301F-11D3-BF4B-00C04F79EFBC}") = "13.MergeSort", "13.MergeSort\13.MergeSort.csproj", "{868001AC-FB76-46EF-AB5B-E1F472DAE81E}"
EndProject
Project("{FAE04EC0-301F-11D3-BF4B-00C04F79EFBC}") = "14.QuickSort", "14.QuickSort\14.QuickSort.csproj", "{52751D3F-E470-4C15-B94B-07008A98C36E}"
EndProject
Project("{FAE04EC0-301F-11D3-BF4B-00C04F79EFBC}") = "15.PrimeNumber", "15.PrimeNumber\15.PrimeNumber.csproj", "{4E4BE800-35B8-4132-ADB4-A4A8FA5FE705}"
EndProject
Project("{FAE04EC0-301F-11D3-BF4B-00C04F79EFBC}") = "18.RemoveElementsFromArray", "18.RemoveElementsFromArray\18.RemoveElementsFromArray.csproj", "{6CC86B91-EB79-47D3-8497-0FF4FB7FF616}"
EndProject
Global
	GlobalSection(SolutionConfigurationPlatforms) = preSolution
		Debug|Any CPU = Debug|Any CPU
		Release|Any CPU = Release|Any CPU
	EndGlobalSection
	GlobalSection(ProjectConfigurationPlatforms) = postSolution
		{00E4EAB4-8EFB-4033-AD76-38407297CED5}.Debug|Any CPU.ActiveCfg = Debug|Any CPU
		{00E4EAB4-8EFB-4033-AD76-38407297CED5}.Debug|Any CPU.Build.0 = Debug|Any CPU
		{00E4EAB4-8EFB-4033-AD76-38407297CED5}.Release|Any CPU.ActiveCfg = Release|Any CPU
		{00E4EAB4-8EFB-4033-AD76-38407297CED5}.Release|Any CPU.Build.0 = Release|Any CPU
		{B23CD400-6A38-4E19-BF63-422DA3070F09}.Debug|Any CPU.ActiveCfg = Debug|Any CPU
		{B23CD400-6A38-4E19-BF63-422DA3070F09}.Debug|Any CPU.Build.0 = Debug|Any CPU
		{B23CD400-6A38-4E19-BF63-422DA3070F09}.Release|Any CPU.ActiveCfg = Release|Any CPU
		{B23CD400-6A38-4E19-BF63-422DA3070F09}.Release|Any CPU.Build.0 = Release|Any CPU
		{6512AE4B-C905-424D-B1B6-3FB3993F3F40}.Debug|Any CPU.ActiveCfg = Debug|Any CPU
		{6512AE4B-C905-424D-B1B6-3FB3993F3F40}.Debug|Any CPU.Build.0 = Debug|Any CPU
		{6512AE4B-C905-424D-B1B6-3FB3993F3F40}.Release|Any CPU.ActiveCfg = Release|Any CPU
		{6512AE4B-C905-424D-B1B6-3FB3993F3F40}.Release|Any CPU.Build.0 = Release|Any CPU
		{787AC777-AB0B-40AE-A393-328EB39FE608}.Debug|Any CPU.ActiveCfg = Debug|Any CPU
		{787AC777-AB0B-40AE-A393-328EB39FE608}.Debug|Any CPU.Build.0 = Debug|Any CPU
		{787AC777-AB0B-40AE-A393-328EB39FE608}.Release|Any CPU.ActiveCfg = Release|Any CPU
		{787AC777-AB0B-40AE-A393-328EB39FE608}.Release|Any CPU.Build.0 = Release|Any CPU
		{4ABD28FD-DD93-4226-8C7A-BA8AB5A9C4DA}.Debug|Any CPU.ActiveCfg = Debug|Any CPU
		{4ABD28FD-DD93-4226-8C7A-BA8AB5A9C4DA}.Debug|Any CPU.Build.0 = Debug|Any CPU
		{4ABD28FD-DD93-4226-8C7A-BA8AB5A9C4DA}.Release|Any CPU.ActiveCfg = Release|Any CPU
		{4ABD28FD-DD93-4226-8C7A-BA8AB5A9C4DA}.Release|Any CPU.Build.0 = Release|Any CPU
		{7F4F272D-030B-4D29-8161-EF3992834B21}.Debug|Any CPU.ActiveCfg = Debug|Any CPU
		{7F4F272D-030B-4D29-8161-EF3992834B21}.Debug|Any CPU.Build.0 = Debug|Any CPU
		{7F4F272D-030B-4D29-8161-EF3992834B21}.Release|Any CPU.ActiveCfg = Release|Any CPU
		{7F4F272D-030B-4D29-8161-EF3992834B21}.Release|Any CPU.Build.0 = Release|Any CPU
		{9703B9B7-BB77-4B25-89F6-64F5F892D882}.Debug|Any CPU.ActiveCfg = Debug|Any CPU
		{9703B9B7-BB77-4B25-89F6-64F5F892D882}.Debug|Any CPU.Build.0 = Debug|Any CPU
		{9703B9B7-BB77-4B25-89F6-64F5F892D882}.Release|Any CPU.ActiveCfg = Release|Any CPU
		{9703B9B7-BB77-4B25-89F6-64F5F892D882}.Release|Any CPU.Build.0 = Release|Any CPU
		{2D290A7F-A808-48E7-A300-0E8D79398E80}.Debug|Any CPU.ActiveCfg = Debug|Any CPU
		{2D290A7F-A808-48E7-A300-0E8D79398E80}.Debug|Any CPU.Build.0 = Debug|Any CPU
		{2D290A7F-A808-48E7-A300-0E8D79398E80}.Release|Any CPU.ActiveCfg = Release|Any CPU
		{2D290A7F-A808-48E7-A300-0E8D79398E80}.Release|Any CPU.Build.0 = Release|Any CPU
		{1A6810CC-5F0E-4EE0-BE7A-B09A0A0DA93C}.Debug|Any CPU.ActiveCfg = Debug|Any CPU
		{1A6810CC-5F0E-4EE0-BE7A-B09A0A0DA93C}.Debug|Any CPU.Build.0 = Debug|Any CPU
		{1A6810CC-5F0E-4EE0-BE7A-B09A0A0DA93C}.Release|Any CPU.ActiveCfg = Release|Any CPU
		{1A6810CC-5F0E-4EE0-BE7A-B09A0A0DA93C}.Release|Any CPU.Build.0 = Release|Any CPU
		{6BDD2ABB-F298-42B2-9E73-BDC9EBF6481F}.Debug|Any CPU.ActiveCfg = Debug|Any CPU
		{6BDD2ABB-F298-42B2-9E73-BDC9EBF6481F}.Debug|Any CPU.Build.0 = Debug|Any CPU
		{6BDD2ABB-F298-42B2-9E73-BDC9EBF6481F}.Release|Any CPU.ActiveCfg = Release|Any CPU
		{6BDD2ABB-F298-42B2-9E73-BDC9EBF6481F}.Release|Any CPU.Build.0 = Release|Any CPU
		{8E638B07-A4FE-48B5-B8E5-AB669EA523B7}.Debug|Any CPU.ActiveCfg = Debug|Any CPU
		{8E638B07-A4FE-48B5-B8E5-AB669EA523B7}.Debug|Any CPU.Build.0 = Debug|Any CPU
		{8E638B07-A4FE-48B5-B8E5-AB669EA523B7}.Release|Any CPU.ActiveCfg = Release|Any CPU
		{8E638B07-A4FE-48B5-B8E5-AB669EA523B7}.Release|Any CPU.Build.0 = Release|Any CPU
		{868001AC-FB76-46EF-AB5B-E1F472DAE81E}.Debug|Any CPU.ActiveCfg = Debug|Any CPU
		{868001AC-FB76-46EF-AB5B-E1F472DAE81E}.Debug|Any CPU.Build.0 = Debug|Any CPU
		{868001AC-FB76-46EF-AB5B-E1F472DAE81E}.Release|Any CPU.ActiveCfg = Release|Any CPU
		{868001AC-FB76-46EF-AB5B-E1F472DAE81E}.Release|Any CPU.Build.0 = Release|Any CPU
		{52751D3F-E470-4C15-B94B-07008A98C36E}.Debug|Any CPU.ActiveCfg = Debug|Any CPU
		{52751D3F-E470-4C15-B94B-07008A98C36E}.Debug|Any CPU.Build.0 = Debug|Any CPU
		{52751D3F-E470-4C15-B94B-07008A98C36E}.Release|Any CPU.ActiveCfg = Release|Any CPU
		{52751D3F-E470-4C15-B94B-07008A98C36E}.Release|Any CPU.Build.0 = Release|Any CPU
		{4E4BE800-35B8-4132-ADB4-A4A8FA5FE705}.Debug|Any CPU.ActiveCfg = Debug|Any CPU
		{4E4BE800-35B8-4132-ADB4-A4A8FA5FE705}.Debug|Any CPU.Build.0 = Debug|Any CPU
		{4E4BE800-35B8-4132-ADB4-A4A8FA5FE705}.Release|Any CPU.ActiveCfg = Release|Any CPU
		{4E4BE800-35B8-4132-ADB4-A4A8FA5FE705}.Release|Any CPU.Build.0 = Release|Any CPU
		{6CC86B91-EB79-47D3-8497-0FF4FB7FF616}.Debug|Any CPU.ActiveCfg = Debug|Any CPU
		{6CC86B91-EB79-47D3-8497-0FF4FB7FF616}.Debug|Any CPU.Build.0 = Debug|Any CPU
		{6CC86B91-EB79-47D3-8497-0FF4FB7FF616}.Release|Any CPU.ActiveCfg = Release|Any CPU
		{6CC86B91-EB79-47D3-8497-0FF4FB7FF616}.Release|Any CPU.Build.0 = Release|Any CPU
	EndGlobalSection
	GlobalSection(SolutionProperties) = preSolution
		HideSolutionNode = FALSE
	EndGlobalSection
EndGlobal
