
Microsoft Visual Studio Solution File, Format Version 12.00
# Visual Studio 2013
VisualStudioVersion = 12.0.21005.1
MinimumVisualStudioVersion = 10.0.40219.1
Project("{FAE04EC0-301F-11D3-BF4B-00C04F79EFBC}") = "01.SumOfThreeNumbers", "01.SumOfThreeNumbers\01.SumOfThreeNumbers.csproj", "{0C002484-EA53-4F75-B07D-74F14225C282}"
EndProject
Project("{FAE04EC0-301F-11D3-BF4B-00C04F79EFBC}") = "02.CompanyInfo", "02.CompanyInfo\02.CompanyInfo.csproj", "{7BEC9B62-50EC-4640-BFA5-C5A538E1E876}"
EndProject
Project("{FAE04EC0-301F-11D3-BF4B-00C04F79EFBC}") = "03.Circle", "03.Circle\03.Circle.csproj", "{2FC8D42D-58C6-4EFE-8AF8-252F2F4A587A}"
EndProject
Project("{FAE04EC0-301F-11D3-BF4B-00C04F79EFBC}") = "04.NumberComparer", "04.NumberComparer\04.NumberComparer.csproj", "{F04BCCBA-D066-40BB-97BF-F41616A4F13D}"
EndProject
Project("{FAE04EC0-301F-11D3-BF4B-00C04F79EFBC}") = "05.QuadraticEquation", "05.QuadraticEquation\05.QuadraticEquation.csproj", "{57796FF9-5E78-4A17-BD62-01512BF1E7DA}"
EndProject
Project("{FAE04EC0-301F-11D3-BF4B-00C04F79EFBC}") = "06.SumOfFiveNumbers", "06.SumOfFiveNumbers\06.SumOfFiveNumbers.csproj", "{B92F6232-586F-4C4D-90BE-EC1D40095481}"
EndProject
Project("{FAE04EC0-301F-11D3-BF4B-00C04F79EFBC}") = "07.NumbersFromOneToN", "07.NumbersFromOneToN\07.NumbersFromOneToN.csproj", "{B56E0B14-58AA-4A66-896B-8B800BA930BE}"
EndProject
Project("{FAE04EC0-301F-11D3-BF4B-00C04F79EFBC}") = "08.SumOfNNumbers", "08.SumOfNNumbers\08.SumOfNNumbers.csproj", "{0F82E6D9-F878-47C6-9C5B-4DEEB83444DA}"
EndProject
Project("{FAE04EC0-301F-11D3-BF4B-00C04F79EFBC}") = "09.FibonacciNumbers", "09.FibonacciNumbers\09.FibonacciNumbers.csproj", "{96BAEE01-C4FD-496B-BECE-A7C681E255AE}"
EndProject
Project("{FAE04EC0-301F-11D3-BF4B-00C04F79EFBC}") = "11.Interval", "11.Interval\11.Interval.csproj", "{94E69997-1754-4557-BAE7-EA447702AD08}"
EndProject
Global
	GlobalSection(SolutionConfigurationPlatforms) = preSolution
		Debug|Any CPU = Debug|Any CPU
		Release|Any CPU = Release|Any CPU
	EndGlobalSection
	GlobalSection(ProjectConfigurationPlatforms) = postSolution
		{0C002484-EA53-4F75-B07D-74F14225C282}.Debug|Any CPU.ActiveCfg = Debug|Any CPU
		{0C002484-EA53-4F75-B07D-74F14225C282}.Debug|Any CPU.Build.0 = Debug|Any CPU
		{0C002484-EA53-4F75-B07D-74F14225C282}.Release|Any CPU.ActiveCfg = Release|Any CPU
		{0C002484-EA53-4F75-B07D-74F14225C282}.Release|Any CPU.Build.0 = Release|Any CPU
		{7BEC9B62-50EC-4640-BFA5-C5A538E1E876}.Debug|Any CPU.ActiveCfg = Debug|Any CPU
		{7BEC9B62-50EC-4640-BFA5-C5A538E1E876}.Debug|Any CPU.Build.0 = Debug|Any CPU
		{7BEC9B62-50EC-4640-BFA5-C5A538E1E876}.Release|Any CPU.ActiveCfg = Release|Any CPU
		{7BEC9B62-50EC-4640-BFA5-C5A538E1E876}.Release|Any CPU.Build.0 = Release|Any CPU
		{2FC8D42D-58C6-4EFE-8AF8-252F2F4A587A}.Debug|Any CPU.ActiveCfg = Debug|Any CPU
		{2FC8D42D-58C6-4EFE-8AF8-252F2F4A587A}.Debug|Any CPU.Build.0 = Debug|Any CPU
		{2FC8D42D-58C6-4EFE-8AF8-252F2F4A587A}.Release|Any CPU.ActiveCfg = Release|Any CPU
		{2FC8D42D-58C6-4EFE-8AF8-252F2F4A587A}.Release|Any CPU.Build.0 = Release|Any CPU
		{F04BCCBA-D066-40BB-97BF-F41616A4F13D}.Debug|Any CPU.ActiveCfg = Debug|Any CPU
		{F04BCCBA-D066-40BB-97BF-F41616A4F13D}.Debug|Any CPU.Build.0 = Debug|Any CPU
		{F04BCCBA-D066-40BB-97BF-F41616A4F13D}.Release|Any CPU.ActiveCfg = Release|Any CPU
		{F04BCCBA-D066-40BB-97BF-F41616A4F13D}.Release|Any CPU.Build.0 = Release|Any CPU
		{57796FF9-5E78-4A17-BD62-01512BF1E7DA}.Debug|Any CPU.ActiveCfg = Debug|Any CPU
		{57796FF9-5E78-4A17-BD62-01512BF1E7DA}.Debug|Any CPU.Build.0 = Debug|Any CPU
		{57796FF9-5E78-4A17-BD62-01512BF1E7DA}.Release|Any CPU.ActiveCfg = Release|Any CPU
		{57796FF9-5E78-4A17-BD62-01512BF1E7DA}.Release|Any CPU.Build.0 = Release|Any CPU
		{B92F6232-586F-4C4D-90BE-EC1D40095481}.Debug|Any CPU.ActiveCfg = Debug|Any CPU
		{B92F6232-586F-4C4D-90BE-EC1D40095481}.Debug|Any CPU.Build.0 = Debug|Any CPU
		{B92F6232-586F-4C4D-90BE-EC1D40095481}.Release|Any CPU.ActiveCfg = Release|Any CPU
		{B92F6232-586F-4C4D-90BE-EC1D40095481}.Release|Any CPU.Build.0 = Release|Any CPU
		{B56E0B14-58AA-4A66-896B-8B800BA930BE}.Debug|Any CPU.ActiveCfg = Debug|Any CPU
		{B56E0B14-58AA-4A66-896B-8B800BA930BE}.Debug|Any CPU.Build.0 = Debug|Any CPU
		{B56E0B14-58AA-4A66-896B-8B800BA930BE}.Release|Any CPU.ActiveCfg = Release|Any CPU
		{B56E0B14-58AA-4A66-896B-8B800BA930BE}.Release|Any CPU.Build.0 = Release|Any CPU
		{0F82E6D9-F878-47C6-9C5B-4DEEB83444DA}.Debug|Any CPU.ActiveCfg = Debug|Any CPU
		{0F82E6D9-F878-47C6-9C5B-4DEEB83444DA}.Debug|Any CPU.Build.0 = Debug|Any CPU
		{0F82E6D9-F878-47C6-9C5B-4DEEB83444DA}.Release|Any CPU.ActiveCfg = Release|Any CPU
		{0F82E6D9-F878-47C6-9C5B-4DEEB83444DA}.Release|Any CPU.Build.0 = Release|Any CPU
		{96BAEE01-C4FD-496B-BECE-A7C681E255AE}.Debug|Any CPU.ActiveCfg = Debug|Any CPU
		{96BAEE01-C4FD-496B-BECE-A7C681E255AE}.Debug|Any CPU.Build.0 = Debug|Any CPU
		{96BAEE01-C4FD-496B-BECE-A7C681E255AE}.Release|Any CPU.ActiveCfg = Release|Any CPU
		{96BAEE01-C4FD-496B-BECE-A7C681E255AE}.Release|Any CPU.Build.0 = Release|Any CPU
		{94E69997-1754-4557-BAE7-EA447702AD08}.Debug|Any CPU.ActiveCfg = Debug|Any CPU
		{94E69997-1754-4557-BAE7-EA447702AD08}.Debug|Any CPU.Build.0 = Debug|Any CPU
		{94E69997-1754-4557-BAE7-EA447702AD08}.Release|Any CPU.ActiveCfg = Release|Any CPU
		{94E69997-1754-4557-BAE7-EA447702AD08}.Release|Any CPU.Build.0 = Release|Any CPU
	EndGlobalSection
	GlobalSection(SolutionProperties) = preSolution
		HideSolutionNode = FALSE
	EndGlobalSection
EndGlobal
