
Microsoft Visual Studio Solution File, Format Version 12.00
# Visual Studio 2013
VisualStudioVersion = 12.0.21005.1
MinimumVisualStudioVersion = 10.0.40219.1
Project("{FAE04EC0-301F-11D3-BF4B-00C04F79EFBC}") = "PeshoCode", "ExamTask1\PeshoCode.csproj", "{CDFC568A-4395-466B-9006-A15D75EB4054}"
EndProject
Project("{FAE04EC0-301F-11D3-BF4B-00C04F79EFBC}") = "ExamTask2", "ExamTask2\ExamTask2.csproj", "{397797F8-C104-4834-8E2E-9F2958D8A891}"
EndProject
Project("{FAE04EC0-301F-11D3-BF4B-00C04F79EFBC}") = "ExamTask3", "ExamTask3\ExamTask3.csproj", "{70AE0EF6-4F63-46A7-AFC2-85E64047DF0A}"
EndProject
Project("{FAE04EC0-301F-11D3-BF4B-00C04F79EFBC}") = "FunctionalNumeralSystem", "ExamTask4\FunctionalNumeralSystem.csproj", "{774A4923-EEFA-4E13-8027-5EFD64593EEC}"
EndProject
Global
	GlobalSection(SolutionConfigurationPlatforms) = preSolution
		Debug|Any CPU = Debug|Any CPU
		Release|Any CPU = Release|Any CPU
	EndGlobalSection
	GlobalSection(ProjectConfigurationPlatforms) = postSolution
		{CDFC568A-4395-466B-9006-A15D75EB4054}.Debug|Any CPU.ActiveCfg = Debug|Any CPU
		{CDFC568A-4395-466B-9006-A15D75EB4054}.Debug|Any CPU.Build.0 = Debug|Any CPU
		{CDFC568A-4395-466B-9006-A15D75EB4054}.Release|Any CPU.ActiveCfg = Release|Any CPU
		{CDFC568A-4395-466B-9006-A15D75EB4054}.Release|Any CPU.Build.0 = Release|Any CPU
		{397797F8-C104-4834-8E2E-9F2958D8A891}.Debug|Any CPU.ActiveCfg = Debug|Any CPU
		{397797F8-C104-4834-8E2E-9F2958D8A891}.Debug|Any CPU.Build.0 = Debug|Any CPU
		{397797F8-C104-4834-8E2E-9F2958D8A891}.Release|Any CPU.ActiveCfg = Release|Any CPU
		{397797F8-C104-4834-8E2E-9F2958D8A891}.Release|Any CPU.Build.0 = Release|Any CPU
		{70AE0EF6-4F63-46A7-AFC2-85E64047DF0A}.Debug|Any CPU.ActiveCfg = Debug|Any CPU
		{70AE0EF6-4F63-46A7-AFC2-85E64047DF0A}.Debug|Any CPU.Build.0 = Debug|Any CPU
		{70AE0EF6-4F63-46A7-AFC2-85E64047DF0A}.Release|Any CPU.ActiveCfg = Release|Any CPU
		{70AE0EF6-4F63-46A7-AFC2-85E64047DF0A}.Release|Any CPU.Build.0 = Release|Any CPU
		{774A4923-EEFA-4E13-8027-5EFD64593EEC}.Debug|Any CPU.ActiveCfg = Debug|Any CPU
		{774A4923-EEFA-4E13-8027-5EFD64593EEC}.Debug|Any CPU.Build.0 = Debug|Any CPU
		{774A4923-EEFA-4E13-8027-5EFD64593EEC}.Release|Any CPU.ActiveCfg = Release|Any CPU
		{774A4923-EEFA-4E13-8027-5EFD64593EEC}.Release|Any CPU.Build.0 = Release|Any CPU
	EndGlobalSection
	GlobalSection(SolutionProperties) = preSolution
		HideSolutionNode = FALSE
	EndGlobalSection
EndGlobal
