
Microsoft Visual Studio Solution File, Format Version 12.00
# Visual Studio 2013
VisualStudioVersion = 12.0.21005.1
MinimumVisualStudioVersion = 10.0.40219.1
Project("{FAE04EC0-301F-11D3-BF4B-00C04F79EFBC}") = "01.ExchangeNumbers", "01.ExchangeNumbers\01.ExchangeNumbers.csproj", "{B8081EAC-8D9E-4908-9122-74BB5A5A622C}"
EndProject
Project("{FAE04EC0-301F-11D3-BF4B-00C04F79EFBC}") = "02.BonusScore", "02.BonusScore\02.BonusScore.csproj", "{AFF41965-FC61-41DE-88D8-CE54DDAAF3E5}"
EndProject
Project("{FAE04EC0-301F-11D3-BF4B-00C04F79EFBC}") = "03.PlayCard", "03.PlayCard\03.PlayCard.csproj", "{A48983E5-7197-4BCE-BEDD-A9223399DAAD}"
EndProject
Project("{FAE04EC0-301F-11D3-BF4B-00C04F79EFBC}") = "04.MultiplicationSign", "04.MultiplicationSign\04.MultiplicationSign.csproj", "{42189F3B-657C-4A11-BBE0-0E01CC75759A}"
EndProject
Project("{FAE04EC0-301F-11D3-BF4B-00C04F79EFBC}") = "05.BiggestOfThree", "05.BiggestOfThree\05.BiggestOfThree.csproj", "{07E0BF30-8653-4DEE-B056-F59222E87372}"
EndProject
Project("{FAE04EC0-301F-11D3-BF4B-00C04F79EFBC}") = "06.BiggestOfFive", "06.BiggestOfFive\06.BiggestOfFive.csproj", "{F5E02FC4-AC3C-4A47-9A45-988AEA9C5EBA}"
EndProject
Project("{FAE04EC0-301F-11D3-BF4B-00C04F79EFBC}") = "07.SortThreeNumbers", "07.SortThreeNumbers\07.SortThreeNumbers.csproj", "{43C6586D-806F-4761-9448-60A26A452EF4}"
EndProject
Project("{FAE04EC0-301F-11D3-BF4B-00C04F79EFBC}") = "08.DigitAsWord", "08.DigitAsWord\08.DigitAsWord.csproj", "{EFFCF2C8-3F39-4A38-96C1-E379FE113E75}"
EndProject
Project("{FAE04EC0-301F-11D3-BF4B-00C04F79EFBC}") = "09.IntDoubleAndString", "09.IntDoubleAndString\09.IntDoubleAndString.csproj", "{3B73D4B0-1817-4F41-A06E-2E591008F4D7}"
EndProject
Global
	GlobalSection(SolutionConfigurationPlatforms) = preSolution
		Debug|Any CPU = Debug|Any CPU
		Release|Any CPU = Release|Any CPU
	EndGlobalSection
	GlobalSection(ProjectConfigurationPlatforms) = postSolution
		{B8081EAC-8D9E-4908-9122-74BB5A5A622C}.Debug|Any CPU.ActiveCfg = Debug|Any CPU
		{B8081EAC-8D9E-4908-9122-74BB5A5A622C}.Debug|Any CPU.Build.0 = Debug|Any CPU
		{B8081EAC-8D9E-4908-9122-74BB5A5A622C}.Release|Any CPU.ActiveCfg = Release|Any CPU
		{B8081EAC-8D9E-4908-9122-74BB5A5A622C}.Release|Any CPU.Build.0 = Release|Any CPU
		{AFF41965-FC61-41DE-88D8-CE54DDAAF3E5}.Debug|Any CPU.ActiveCfg = Debug|Any CPU
		{AFF41965-FC61-41DE-88D8-CE54DDAAF3E5}.Debug|Any CPU.Build.0 = Debug|Any CPU
		{AFF41965-FC61-41DE-88D8-CE54DDAAF3E5}.Release|Any CPU.ActiveCfg = Release|Any CPU
		{AFF41965-FC61-41DE-88D8-CE54DDAAF3E5}.Release|Any CPU.Build.0 = Release|Any CPU
		{A48983E5-7197-4BCE-BEDD-A9223399DAAD}.Debug|Any CPU.ActiveCfg = Debug|Any CPU
		{A48983E5-7197-4BCE-BEDD-A9223399DAAD}.Debug|Any CPU.Build.0 = Debug|Any CPU
		{A48983E5-7197-4BCE-BEDD-A9223399DAAD}.Release|Any CPU.ActiveCfg = Release|Any CPU
		{A48983E5-7197-4BCE-BEDD-A9223399DAAD}.Release|Any CPU.Build.0 = Release|Any CPU
		{42189F3B-657C-4A11-BBE0-0E01CC75759A}.Debug|Any CPU.ActiveCfg = Debug|Any CPU
		{42189F3B-657C-4A11-BBE0-0E01CC75759A}.Debug|Any CPU.Build.0 = Debug|Any CPU
		{42189F3B-657C-4A11-BBE0-0E01CC75759A}.Release|Any CPU.ActiveCfg = Release|Any CPU
		{42189F3B-657C-4A11-BBE0-0E01CC75759A}.Release|Any CPU.Build.0 = Release|Any CPU
		{07E0BF30-8653-4DEE-B056-F59222E87372}.Debug|Any CPU.ActiveCfg = Debug|Any CPU
		{07E0BF30-8653-4DEE-B056-F59222E87372}.Debug|Any CPU.Build.0 = Debug|Any CPU
		{07E0BF30-8653-4DEE-B056-F59222E87372}.Release|Any CPU.ActiveCfg = Release|Any CPU
		{07E0BF30-8653-4DEE-B056-F59222E87372}.Release|Any CPU.Build.0 = Release|Any CPU
		{F5E02FC4-AC3C-4A47-9A45-988AEA9C5EBA}.Debug|Any CPU.ActiveCfg = Debug|Any CPU
		{F5E02FC4-AC3C-4A47-9A45-988AEA9C5EBA}.Debug|Any CPU.Build.0 = Debug|Any CPU
		{F5E02FC4-AC3C-4A47-9A45-988AEA9C5EBA}.Release|Any CPU.ActiveCfg = Release|Any CPU
		{F5E02FC4-AC3C-4A47-9A45-988AEA9C5EBA}.Release|Any CPU.Build.0 = Release|Any CPU
		{43C6586D-806F-4761-9448-60A26A452EF4}.Debug|Any CPU.ActiveCfg = Debug|Any CPU
		{43C6586D-806F-4761-9448-60A26A452EF4}.Debug|Any CPU.Build.0 = Debug|Any CPU
		{43C6586D-806F-4761-9448-60A26A452EF4}.Release|Any CPU.ActiveCfg = Release|Any CPU
		{43C6586D-806F-4761-9448-60A26A452EF4}.Release|Any CPU.Build.0 = Release|Any CPU
		{EFFCF2C8-3F39-4A38-96C1-E379FE113E75}.Debug|Any CPU.ActiveCfg = Debug|Any CPU
		{EFFCF2C8-3F39-4A38-96C1-E379FE113E75}.Debug|Any CPU.Build.0 = Debug|Any CPU
		{EFFCF2C8-3F39-4A38-96C1-E379FE113E75}.Release|Any CPU.ActiveCfg = Release|Any CPU
		{EFFCF2C8-3F39-4A38-96C1-E379FE113E75}.Release|Any CPU.Build.0 = Release|Any CPU
		{3B73D4B0-1817-4F41-A06E-2E591008F4D7}.Debug|Any CPU.ActiveCfg = Debug|Any CPU
		{3B73D4B0-1817-4F41-A06E-2E591008F4D7}.Debug|Any CPU.Build.0 = Debug|Any CPU
		{3B73D4B0-1817-4F41-A06E-2E591008F4D7}.Release|Any CPU.ActiveCfg = Release|Any CPU
		{3B73D4B0-1817-4F41-A06E-2E591008F4D7}.Release|Any CPU.Build.0 = Release|Any CPU
	EndGlobalSection
	GlobalSection(SolutionProperties) = preSolution
		HideSolutionNode = FALSE
	EndGlobalSection
EndGlobal
