
Microsoft Visual Studio Solution File, Format Version 12.00
# Visual Studio 2013
VisualStudioVersion = 12.0.21005.1
MinimumVisualStudioVersion = 10.0.40219.1
Project("{FAE04EC0-301F-11D3-BF4B-00C04F79EFBC}") = "01.FillTheMatrix", "01.FillTheMatrix\01.FillTheMatrix.csproj", "{2C48CD28-DDC7-4DA2-BAAF-9E44760A13B6}"
EndProject
Project("{FAE04EC0-301F-11D3-BF4B-00C04F79EFBC}") = "02.MaximalSum", "02.MaximalSum\02.MaximalSum.csproj", "{30AA7AB1-2275-4C5C-AD83-ED68AAEDCF63}"
EndProject
Project("{FAE04EC0-301F-11D3-BF4B-00C04F79EFBC}") = "03.SequenceInMatrix", "03.SequenceInMatrix\03.SequenceInMatrix.csproj", "{E56E2B1B-3B37-4A2A-AEE6-396B6FD5161A}"
EndProject
Project("{FAE04EC0-301F-11D3-BF4B-00C04F79EFBC}") = "04.LargestAreaInMatrix", "04.LargestAreaInMatrix\04.LargestAreaInMatrix.csproj", "{84DE6A52-914F-4201-B247-194F2DF351B8}"
EndProject
Global
	GlobalSection(SolutionConfigurationPlatforms) = preSolution
		Debug|Any CPU = Debug|Any CPU
		Release|Any CPU = Release|Any CPU
	EndGlobalSection
	GlobalSection(ProjectConfigurationPlatforms) = postSolution
		{2C48CD28-DDC7-4DA2-BAAF-9E44760A13B6}.Debug|Any CPU.ActiveCfg = Debug|Any CPU
		{2C48CD28-DDC7-4DA2-BAAF-9E44760A13B6}.Debug|Any CPU.Build.0 = Debug|Any CPU
		{2C48CD28-DDC7-4DA2-BAAF-9E44760A13B6}.Release|Any CPU.ActiveCfg = Release|Any CPU
		{2C48CD28-DDC7-4DA2-BAAF-9E44760A13B6}.Release|Any CPU.Build.0 = Release|Any CPU
		{30AA7AB1-2275-4C5C-AD83-ED68AAEDCF63}.Debug|Any CPU.ActiveCfg = Debug|Any CPU
		{30AA7AB1-2275-4C5C-AD83-ED68AAEDCF63}.Debug|Any CPU.Build.0 = Debug|Any CPU
		{30AA7AB1-2275-4C5C-AD83-ED68AAEDCF63}.Release|Any CPU.ActiveCfg = Release|Any CPU
		{30AA7AB1-2275-4C5C-AD83-ED68AAEDCF63}.Release|Any CPU.Build.0 = Release|Any CPU
		{E56E2B1B-3B37-4A2A-AEE6-396B6FD5161A}.Debug|Any CPU.ActiveCfg = Debug|Any CPU
		{E56E2B1B-3B37-4A2A-AEE6-396B6FD5161A}.Debug|Any CPU.Build.0 = Debug|Any CPU
		{E56E2B1B-3B37-4A2A-AEE6-396B6FD5161A}.Release|Any CPU.ActiveCfg = Release|Any CPU
		{E56E2B1B-3B37-4A2A-AEE6-396B6FD5161A}.Release|Any CPU.Build.0 = Release|Any CPU
		{84DE6A52-914F-4201-B247-194F2DF351B8}.Debug|Any CPU.ActiveCfg = Debug|Any CPU
		{84DE6A52-914F-4201-B247-194F2DF351B8}.Debug|Any CPU.Build.0 = Debug|Any CPU
		{84DE6A52-914F-4201-B247-194F2DF351B8}.Release|Any CPU.ActiveCfg = Release|Any CPU
		{84DE6A52-914F-4201-B247-194F2DF351B8}.Release|Any CPU.Build.0 = Release|Any CPU
	EndGlobalSection
	GlobalSection(SolutionProperties) = preSolution
		HideSolutionNode = FALSE
	EndGlobalSection
EndGlobal
