
Microsoft Visual Studio Solution File, Format Version 12.00
# Visual Studio 2013
VisualStudioVersion = 12.0.21005.1
MinimumVisualStudioVersion = 10.0.40219.1
Project("{FAE04EC0-301F-11D3-BF4B-00C04F79EFBC}") = "01.LeapYear", "01.LeapYear\01.LeapYear.csproj", "{6B48F131-30F0-4620-A964-7BB52C43B065}"
EndProject
Project("{FAE04EC0-301F-11D3-BF4B-00C04F79EFBC}") = "02.TriangleSurfaceBySideAndAltitude", "02.TriangleSurfaceBySideAndAltitude\02.TriangleSurfaceBySideAndAltitude.csproj", "{E034B1C8-D3F7-401B-B262-9143AF3F7C78}"
EndProject
Project("{FAE04EC0-301F-11D3-BF4B-00C04F79EFBC}") = "03.TriangleSurfaceByThreeSides", "03.TriangleSurfaceByThreeSides\03.TriangleSurfaceByThreeSides.csproj", "{1D39BCF0-159B-48F4-8DC1-1DDA42B2127D}"
EndProject
Project("{FAE04EC0-301F-11D3-BF4B-00C04F79EFBC}") = "04.TriangleSurfaceByTwoSidesAndAngle", "04.TriangleSurfaceByTwoSidesAndAngle\04.TriangleSurfaceByTwoSidesAndAngle.csproj", "{53853A2D-C735-4191-A366-BADA8E734BF5}"
EndProject
Project("{FAE04EC0-301F-11D3-BF4B-00C04F79EFBC}") = "05.SumIntegers", "05.SumIntegers\05.SumIntegers.csproj", "{7AFC690F-B523-4E02-97A1-0DD99511C12A}"
EndProject
Global
	GlobalSection(SolutionConfigurationPlatforms) = preSolution
		Debug|Any CPU = Debug|Any CPU
		Release|Any CPU = Release|Any CPU
	EndGlobalSection
	GlobalSection(ProjectConfigurationPlatforms) = postSolution
		{6B48F131-30F0-4620-A964-7BB52C43B065}.Debug|Any CPU.ActiveCfg = Debug|Any CPU
		{6B48F131-30F0-4620-A964-7BB52C43B065}.Debug|Any CPU.Build.0 = Debug|Any CPU
		{6B48F131-30F0-4620-A964-7BB52C43B065}.Release|Any CPU.ActiveCfg = Release|Any CPU
		{6B48F131-30F0-4620-A964-7BB52C43B065}.Release|Any CPU.Build.0 = Release|Any CPU
		{E034B1C8-D3F7-401B-B262-9143AF3F7C78}.Debug|Any CPU.ActiveCfg = Debug|Any CPU
		{E034B1C8-D3F7-401B-B262-9143AF3F7C78}.Debug|Any CPU.Build.0 = Debug|Any CPU
		{E034B1C8-D3F7-401B-B262-9143AF3F7C78}.Release|Any CPU.ActiveCfg = Release|Any CPU
		{E034B1C8-D3F7-401B-B262-9143AF3F7C78}.Release|Any CPU.Build.0 = Release|Any CPU
		{1D39BCF0-159B-48F4-8DC1-1DDA42B2127D}.Debug|Any CPU.ActiveCfg = Debug|Any CPU
		{1D39BCF0-159B-48F4-8DC1-1DDA42B2127D}.Debug|Any CPU.Build.0 = Debug|Any CPU
		{1D39BCF0-159B-48F4-8DC1-1DDA42B2127D}.Release|Any CPU.ActiveCfg = Release|Any CPU
		{1D39BCF0-159B-48F4-8DC1-1DDA42B2127D}.Release|Any CPU.Build.0 = Release|Any CPU
		{53853A2D-C735-4191-A366-BADA8E734BF5}.Debug|Any CPU.ActiveCfg = Debug|Any CPU
		{53853A2D-C735-4191-A366-BADA8E734BF5}.Debug|Any CPU.Build.0 = Debug|Any CPU
		{53853A2D-C735-4191-A366-BADA8E734BF5}.Release|Any CPU.ActiveCfg = Release|Any CPU
		{53853A2D-C735-4191-A366-BADA8E734BF5}.Release|Any CPU.Build.0 = Release|Any CPU
		{7AFC690F-B523-4E02-97A1-0DD99511C12A}.Debug|Any CPU.ActiveCfg = Debug|Any CPU
		{7AFC690F-B523-4E02-97A1-0DD99511C12A}.Debug|Any CPU.Build.0 = Debug|Any CPU
		{7AFC690F-B523-4E02-97A1-0DD99511C12A}.Release|Any CPU.ActiveCfg = Release|Any CPU
		{7AFC690F-B523-4E02-97A1-0DD99511C12A}.Release|Any CPU.Build.0 = Release|Any CPU
	EndGlobalSection
	GlobalSection(SolutionProperties) = preSolution
		HideSolutionNode = FALSE
	EndGlobalSection
EndGlobal
